
Microsoft Visual Studio Solution File, Format Version 12.00
# Visual Studio Version 17
VisualStudioVersion = 17.2.32630.192
MinimumVisualStudioVersion = 10.0.40219.1
Project("{9A19103F-16F7-4668-BE54-9A1E7A4F7556}") = "CursoEntityCore_dos", "CursoEntityCore_dos\CursoEntityCore_dos.csproj", "{AFE9D001-FAAB-495F-A953-60119E31F33C}"
EndProject
Global
	GlobalSection(SolutionConfigurationPlatforms) = preSolution
		Debug|Any CPU = Debug|Any CPU
		Release|Any CPU = Release|Any CPU
	EndGlobalSection
	GlobalSection(ProjectConfigurationPlatforms) = postSolution
		{AFE9D001-FAAB-495F-A953-60119E31F33C}.Debug|Any CPU.ActiveCfg = Release|Any CPU
		{AFE9D001-FAAB-495F-A953-60119E31F33C}.Debug|Any CPU.Build.0 = Release|Any CPU
		{AFE9D001-FAAB-495F-A953-60119E31F33C}.Release|Any CPU.ActiveCfg = Release|Any CPU
		{AFE9D001-FAAB-495F-A953-60119E31F33C}.Release|Any CPU.Build.0 = Release|Any CPU
	EndGlobalSection
	GlobalSection(SolutionProperties) = preSolution
		HideSolutionNode = FALSE
	EndGlobalSection
	GlobalSection(ExtensibilityGlobals) = postSolution
		SolutionGuid = {855184C4-1C36-434F-BCC2-9FCAFA17758F}
	EndGlobalSection
EndGlobal
